
Microsoft Visual Studio Solution File, Format Version 12.00
# Visual Studio 15
VisualStudioVersion = 15.0.28010.2046
MinimumVisualStudioVersion = 10.0.40219.1
Project("{FAE04EC0-301F-11D3-BF4B-00C04F79EFBC}") = "Objekter", "Objekter\Objekter.csproj", "{69C800B5-7A37-4B47-8A57-D8A29C8575FC}"
EndProject
Global
	GlobalSection(SolutionConfigurationPlatforms) = preSolution
		Debug|Any CPU = Debug|Any CPU
		Release|Any CPU = Release|Any CPU
	EndGlobalSection
	GlobalSection(ProjectConfigurationPlatforms) = postSolution
		{69C800B5-7A37-4B47-8A57-D8A29C8575FC}.Debug|Any CPU.ActiveCfg = Debug|Any CPU
		{69C800B5-7A37-4B47-8A57-D8A29C8575FC}.Debug|Any CPU.Build.0 = Debug|Any CPU
		{69C800B5-7A37-4B47-8A57-D8A29C8575FC}.Release|Any CPU.ActiveCfg = Release|Any CPU
		{69C800B5-7A37-4B47-8A57-D8A29C8575FC}.Release|Any CPU.Build.0 = Release|Any CPU
	EndGlobalSection
	GlobalSection(SolutionProperties) = preSolution
		HideSolutionNode = FALSE
	EndGlobalSection
	GlobalSection(ExtensibilityGlobals) = postSolution
		SolutionGuid = {2169BA14-4C3F-4D4A-9910-718CFA195D6F}
	EndGlobalSection
EndGlobal
